<?xml version="1.0" encoding="utf-8"?>
<Project ToolsVersion="4.0" xmlns="http://schemas.microsoft.com/developer/msbuild/2003">
  <ItemGroup>
    <Filter Include="源文件">
      <UniqueIdentifier>{4FC737F1-C7A5-4376-A066-2A32D752A2FF}</UniqueIdentifier>
      <Extensions>cpp;c;cc;cxx;c++;cppm;ixx;def;odl;idl;hpj;bat;asm;asmx</Extensions>
    </Filter>
    <Filter Include="头文件">
      <UniqueIdentifier>{93995380-89BD-4b04-88EB-625FBE52EBFB}</UniqueIdentifier>
      <Extensions>h;hh;hpp;hxx;h++;hm;inl;inc;ipp;xsd</Extensions>
    </Filter>
    <Filter Include="资源文件">
      <UniqueIdentifier>{67DA6AB6-F800-4c08-8B7A-83BB121AAD01}</UniqueIdentifier>
      <Extensions>rc;ico;cur;bmp;dlg;rc2;rct;bin;rgs;gif;jpg;jpeg;jpe;resx;tiff;tif;png;wav;mfcribbon-ms</Extensions>
    </Filter>
  </ItemGroup>
  <ItemGroup>
    <ClCompile Include="dllmain.cpp">
      <Filter>源文件</Filter>
    </ClCompile>
    <ClCompile Include="common\source\third_party_manager.cpp">
      <Filter>源文件</Filter>
    </ClCompile>
    <ClCompile Include="sdlParty\source\sdl_party_manager.cpp">
      <Filter>源文件</Filter>
    </ClCompile>
    <ClCompile Include="vkParty\source\vk_party_manager.cpp">
      <Filter>源文件</Filter>
    </ClCompile>
    <ClCompile Include="vkParty\source\vk_allocator.cpp">
      <Filter>源文件</Filter>
    </ClCompile>
    <ClCompile Include="vkParty\source\vk_allocator_test.cpp">
      <Filter>源文件</Filter>
    </ClCompile>
    <ClCompile Include="vkParty\source\vk_util_function.cpp">
      <Filter>源文件</Filter>
    </ClCompile>
    <ClCompile Include="core\common\source\debug_to_console.cpp">
      <Filter>源文件</Filter>
    </ClCompile>
    <ClCompile Include="core\info\source\application_window_info.cpp">
      <Filter>源文件</Filter>
    </ClCompile>
    <ClCompile Include="core\info\source\global_info.cpp">
      <Filter>源文件</Filter>
    </ClCompile>
    <ClCompile Include="imguiParty\source\imgui_party_manager.cpp">
      <Filter>源文件</Filter>
    </ClCompile>
    <ClCompile Include="third_party_manager_global.cpp">
      <Filter>源文件</Filter>
    </ClCompile>
    <ClCompile Include="jsoncppParty\source\jsoncpp_party_manager.cpp">
      <Filter>源文件</Filter>
    </ClCompile>
    <ClCompile Include="vkParty\source\vkobject\vk_command_buffer.cpp">
      <Filter>源文件</Filter>
    </ClCompile>
    <ClCompile Include="vkParty\source\vkobject\vk_queue.cpp">
      <Filter>源文件</Filter>
    </ClCompile>
    <ClCompile Include="vkParty\source\vkobject\vk_object.cpp">
      <Filter>源文件</Filter>
    </ClCompile>
    <ClCompile Include="vkParty\source\vkobject\vk_render_pass.cpp">
      <Filter>源文件</Filter>
    </ClCompile>
    <ClCompile Include="vkParty\source\vkobject\vk_pipeline.cpp">
      <Filter>源文件</Filter>
    </ClCompile>
    <ClCompile Include="vkParty\source\vkobject\vk_pipeline_layout.cpp">
      <Filter>源文件</Filter>
    </ClCompile>
    <ClCompile Include="vkParty\source\vkobject\vk_texture.cpp">
      <Filter>源文件</Filter>
    </ClCompile>
    <ClCompile Include="vkParty\source\vkobject\vk_image.cpp">
      <Filter>源文件</Filter>
    </ClCompile>
    <ClCompile Include="vkParty\source\vkobject\vk_image_view.cpp">
      <Filter>源文件</Filter>
    </ClCompile>
    <ClCompile Include="vkParty\source\vkobject\vk_sampler.cpp">
      <Filter>源文件</Filter>
    </ClCompile>
    <ClCompile Include="utils\utils.cpp">
      <Filter>源文件</Filter>
    </ClCompile>
    <ClCompile Include="vkParty\source\vkobject\vk_shader_compiler.cpp">
      <Filter>源文件</Filter>
    </ClCompile>
    <ClCompile Include="vkParty\source\vkobject\vk_frame_buffer.cpp">
      <Filter>源文件</Filter>
    </ClCompile>
    <ClCompile Include="vkParty\source\vkobject\vk_fence.cpp">
      <Filter>源文件</Filter>
    </ClCompile>
    <ClCompile Include="vkParty\source\vkobject\vk_semaphore.cpp">
      <Filter>源文件</Filter>
    </ClCompile>
    <ClCompile Include="vkParty\source\vkobject\vk_subpass.cpp">
      <Filter>源文件</Filter>
    </ClCompile>
    <ClCompile Include="common\source\math_util.cpp">
      <Filter>源文件</Filter>
    </ClCompile>
    <ClCompile Include="assimpParty\source\assimp_party_manager.cpp">
      <Filter>源文件</Filter>
    </ClCompile>
    <ClCompile Include="vkParty\source\vkobject\vk_vertex_buffer.cpp">
      <Filter>源文件</Filter>
    </ClCompile>
    <ClCompile Include="vkParty\source\vkobject\vk_buffer.cpp">
      <Filter>源文件</Filter>
    </ClCompile>
    <ClCompile Include="vkParty\source\vkobject\vk_uniform_buffer.cpp">
      <Filter>源文件</Filter>
    </ClCompile>
    <ClCompile Include="vkParty\source\vkobject\vk_index_buffer.cpp">
      <Filter>源文件</Filter>
    </ClCompile>
    <ClCompile Include="vkParty\source\vkobject\vk_descriptor_set.cpp">
      <Filter>源文件</Filter>
    </ClCompile>
    <ClCompile Include="vkParty\source\vkobject\vk_texture_ext.cpp">
      <Filter>源文件</Filter>
    </ClCompile>
    <ClCompile Include="vkParty\source\vkobject\vk_slot.cpp">
      <Filter>源文件</Filter>
    </ClCompile>
    <ClCompile Include="vkParty\source\vkobject\vk_slot_data.cpp">
      <Filter>源文件</Filter>
    </ClCompile>
    <ClCompile Include="common\source\_debug_func.cpp">
      <Filter>源文件</Filter>
    </ClCompile>
    <ClCompile Include="imguiParty\source\imgui_utils.cpp">
      <Filter>源文件</Filter>
    </ClCompile>
    <ClCompile Include="imguiParty\source\imgui_material_editor.cpp">
      <Filter>源文件</Filter>
    </ClCompile>
    <ClCompile Include="core\common\source\compute_info.cpp">
      <Filter>源文件</Filter>
    </ClCompile>
  </ItemGroup>
  <ItemGroup>
    <ClInclude Include="common\include\third_party_manager.h">
      <Filter>头文件</Filter>
    </ClInclude>
    <ClInclude Include="sdlParty\include\sdl_party_manager.h">
      <Filter>头文件</Filter>
    </ClInclude>
    <ClInclude Include="vkParty\include\vk_party_manager.h">
      <Filter>头文件</Filter>
    </ClInclude>
    <ClInclude Include="vkParty\include\vk_allocator.h">
      <Filter>头文件</Filter>
    </ClInclude>
    <ClInclude Include="vkParty\include\vk_allocator_test.h">
      <Filter>头文件</Filter>
    </ClInclude>
    <ClInclude Include="vkParty\include\vk_util_function.h">
      <Filter>头文件</Filter>
    </ClInclude>
    <ClInclude Include="vkParty\include\vk_struct.h">
      <Filter>头文件</Filter>
    </ClInclude>
    <ClInclude Include="core\common\include\compute_info.h">
      <Filter>头文件</Filter>
    </ClInclude>
    <ClInclude Include="core\common\include\debug_to_console.h">
      <Filter>头文件</Filter>
    </ClInclude>
    <ClInclude Include="core\info\include\application_window_info.h">
      <Filter>头文件</Filter>
    </ClInclude>
    <ClInclude Include="core\info\include\global_info.h">
      <Filter>头文件</Filter>
    </ClInclude>
    <ClInclude Include="imguiParty\include\imgui_party_manager.h">
      <Filter>头文件</Filter>
    </ClInclude>
    <ClInclude Include="third_party_manager_global.h">
      <Filter>头文件</Filter>
    </ClInclude>
    <ClInclude Include="jsoncppParty\include\jsoncpp_party_manager.h">
      <Filter>头文件</Filter>
    </ClInclude>
    <ClInclude Include="vkParty\include\vkobject\vk_command_buffer.h">
      <Filter>头文件</Filter>
    </ClInclude>
    <ClInclude Include="vkParty\include\vkobject\vk_queue.h">
      <Filter>头文件</Filter>
    </ClInclude>
    <ClInclude Include="vkParty\include\vkobject\vk_object.h">
      <Filter>头文件</Filter>
    </ClInclude>
    <ClInclude Include="vkParty\include\vkobject\vk_render_pass.h">
      <Filter>头文件</Filter>
    </ClInclude>
    <ClInclude Include="vkParty\include\vkobject\vk_pipeline.h">
      <Filter>头文件</Filter>
    </ClInclude>
    <ClInclude Include="vkParty\include\vkobject\vk_pipeline_layout.h">
      <Filter>头文件</Filter>
    </ClInclude>
    <ClInclude Include="vkParty\include\vkobject\vk_texture.h">
      <Filter>头文件</Filter>
    </ClInclude>
    <ClInclude Include="vkParty\include\vkobject\vk_image.h">
      <Filter>头文件</Filter>
    </ClInclude>
    <ClInclude Include="vkParty\include\vkobject\vk_image_view.h">
      <Filter>头文件</Filter>
    </ClInclude>
    <ClInclude Include="vkParty\include\vkobject\vk_sampler.h">
      <Filter>头文件</Filter>
    </ClInclude>
    <ClInclude Include="utils\utils.h">
      <Filter>头文件</Filter>
    </ClInclude>
    <ClInclude Include="vkParty\include\vkobject\vk_shader_compiler.h">
      <Filter>头文件</Filter>
    </ClInclude>
    <ClInclude Include="imguiParty\include\imgui_utils.h">
      <Filter>头文件</Filter>
    </ClInclude>
    <ClInclude Include="vkParty\include\vkobject\vk_frame_buffer.h">
      <Filter>头文件</Filter>
    </ClInclude>
    <ClInclude Include="vkParty\include\vkobject\vk_fence.h">
      <Filter>头文件</Filter>
    </ClInclude>
    <ClInclude Include="vkParty\include\vkobject\vk_semaphore.h">
      <Filter>头文件</Filter>
    </ClInclude>
    <ClInclude Include="vkParty\include\vkobject\vk_subpass.h">
      <Filter>头文件</Filter>
    </ClInclude>
    <ClInclude Include="common\include\math_util.h">
      <Filter>头文件</Filter>
    </ClInclude>
    <ClInclude Include="assimpParty\include\assimp_party_manager.h">
      <Filter>头文件</Filter>
    </ClInclude>
    <ClInclude Include="vkParty\include\vkobject\vk_vertex_buffer.h">
      <Filter>头文件</Filter>
    </ClInclude>
    <ClInclude Include="vkParty\include\vkobject\vk_buffer.h">
      <Filter>头文件</Filter>
    </ClInclude>
    <ClInclude Include="vkParty\include\vkobject\vk_uniform_buffer.h">
      <Filter>头文件</Filter>
    </ClInclude>
    <ClInclude Include="vkParty\include\vkobject\vk_index_buffer.h">
      <Filter>头文件</Filter>
    </ClInclude>
    <ClInclude Include="vkParty\include\vkobject\vk_descriptor_set.h">
      <Filter>头文件</Filter>
    </ClInclude>
    <ClInclude Include="vkParty\include\vkobject\vk_texture_ext.h">
      <Filter>头文件</Filter>
    </ClInclude>
    <ClInclude Include="vkParty\include\stb_image.h">
      <Filter>头文件</Filter>
    </ClInclude>
    <ClInclude Include="vkParty\include\vkobject\vk_slot.h">
      <Filter>头文件</Filter>
    </ClInclude>
    <ClInclude Include="vkParty\include\vkobject\vk_slot_data.h">
      <Filter>头文件</Filter>
    </ClInclude>
    <ClInclude Include="common\include\_debug_func.h">
      <Filter>头文件</Filter>
    </ClInclude>
    <ClInclude Include="imguiParty\include\imgui_material_editor.h">
      <Filter>头文件</Filter>
    </ClInclude>
  </ItemGroup>
  <ItemGroup>
    <None Include="third_party_manager.cd" />
  </ItemGroup>
</Project>