
Microsoft Visual Studio Solution File, Format Version 12.00
# Visual Studio Version 17
VisualStudioVersion = 17.7.34018.315
MinimumVisualStudioVersion = 10.0.40219.1
Project("{2150E333-8FDC-42A3-9474-1A3956D46DE8}") = "ZsEngine", "ZsEngine", "{9AA5766F-6659-4625-9620-BC2692DAD951}"
EndProject
Project("{2150E333-8FDC-42A3-9474-1A3956D46DE8}") = "Editor", "Editor", "{605174CD-7DE2-4CE0-83BD-82939543C7C8}"
EndProject
Project("{8BC9CEB8-8B4A-11D0-8D11-00A0C91BC942}") = "main", "main\main.vcxproj", "{4EE6054E-B246-4631-83C2-33E11B50FD22}"
EndProject
Project("{8BC9CEB8-8B4A-11D0-8D11-00A0C91BC942}") = "ThirdPartyManager", "ThirdPartyManager\ThirdPartyManager.vcxproj", "{4FE68F22-5FB1-4405-B2FD-143DE0A13556}"
EndProject
Project("{2150E333-8FDC-42A3-9474-1A3956D46DE8}") = "Manager", "Manager", "{5D56260E-9883-436A-85D5-DF37859021E9}"
EndProject
Project("{2150E333-8FDC-42A3-9474-1A3956D46DE8}") = "Core", "Core", "{2A922624-DF43-415B-901B-D5452106EF3B}"
EndProject
Project("{8BC9CEB8-8B4A-11D0-8D11-00A0C91BC942}") = "Core", "Core\Core.vcxproj", "{5528589A-BA6D-43A3-8889-FB82EE970467}"
	ProjectSection(ProjectDependencies) = postProject
		{4FE68F22-5FB1-4405-B2FD-143DE0A13556} = {4FE68F22-5FB1-4405-B2FD-143DE0A13556}
	EndProjectSection
EndProject
Project("{2150E333-8FDC-42A3-9474-1A3956D46DE8}") = "Test", "Test", "{A41E0190-BF93-4EED-84D5-FE0DFC171C52}"
EndProject
Project("{8BC9CEB8-8B4A-11D0-8D11-00A0C91BC942}") = "Test", "Test\Test.vcxproj", "{4AB8704D-5C48-4618-91AF-768FE866D1CC}"
	ProjectSection(ProjectDependencies) = postProject
		{1E91C7B2-816E-4584-9EF8-4BB094BE7CE4} = {1E91C7B2-816E-4584-9EF8-4BB094BE7CE4}
		{4FE68F22-5FB1-4405-B2FD-143DE0A13556} = {4FE68F22-5FB1-4405-B2FD-143DE0A13556}
		{5528589A-BA6D-43A3-8889-FB82EE970467} = {5528589A-BA6D-43A3-8889-FB82EE970467}
		{5BA8CB7A-A7F3-4DA1-B4FD-A6CCF021EE34} = {5BA8CB7A-A7F3-4DA1-B4FD-A6CCF021EE34}
		{77329BEA-0F5C-43D6-B4FA-BF7346509A24} = {77329BEA-0F5C-43D6-B4FA-BF7346509A24}
	EndProjectSection
EndProject
Project("{8BC9CEB8-8B4A-11D0-8D11-00A0C91BC942}") = "Editor", "Editor\Editor.vcxproj", "{77329BEA-0F5C-43D6-B4FA-BF7346509A24}"
	ProjectSection(ProjectDependencies) = postProject
		{1E91C7B2-816E-4584-9EF8-4BB094BE7CE4} = {1E91C7B2-816E-4584-9EF8-4BB094BE7CE4}
		{4FE68F22-5FB1-4405-B2FD-143DE0A13556} = {4FE68F22-5FB1-4405-B2FD-143DE0A13556}
		{5528589A-BA6D-43A3-8889-FB82EE970467} = {5528589A-BA6D-43A3-8889-FB82EE970467}
		{5BA8CB7A-A7F3-4DA1-B4FD-A6CCF021EE34} = {5BA8CB7A-A7F3-4DA1-B4FD-A6CCF021EE34}
	EndProjectSection
EndProject
Project("{8BC9CEB8-8B4A-11D0-8D11-00A0C91BC942}") = "Resource", "Resource\Resource.vcxproj", "{1E91C7B2-816E-4584-9EF8-4BB094BE7CE4}"
	ProjectSection(ProjectDependencies) = postProject
		{4FE68F22-5FB1-4405-B2FD-143DE0A13556} = {4FE68F22-5FB1-4405-B2FD-143DE0A13556}
		{5528589A-BA6D-43A3-8889-FB82EE970467} = {5528589A-BA6D-43A3-8889-FB82EE970467}
	EndProjectSection
EndProject
Project("{8BC9CEB8-8B4A-11D0-8D11-00A0C91BC942}") = "Scene", "Scene\Scene.vcxproj", "{5BA8CB7A-A7F3-4DA1-B4FD-A6CCF021EE34}"
	ProjectSection(ProjectDependencies) = postProject
		{1E91C7B2-816E-4584-9EF8-4BB094BE7CE4} = {1E91C7B2-816E-4584-9EF8-4BB094BE7CE4}
		{4FE68F22-5FB1-4405-B2FD-143DE0A13556} = {4FE68F22-5FB1-4405-B2FD-143DE0A13556}
		{5528589A-BA6D-43A3-8889-FB82EE970467} = {5528589A-BA6D-43A3-8889-FB82EE970467}
	EndProjectSection
EndProject
Global
	GlobalSection(SolutionConfigurationPlatforms) = preSolution
		Debug|x64 = Debug|x64
		Debug|x86 = Debug|x86
		Release|x64 = Release|x64
		Release|x86 = Release|x86
	EndGlobalSection
	GlobalSection(ProjectConfigurationPlatforms) = postSolution
		{4EE6054E-B246-4631-83C2-33E11B50FD22}.Debug|x64.ActiveCfg = Debug|x64
		{4EE6054E-B246-4631-83C2-33E11B50FD22}.Debug|x64.Build.0 = Debug|x64
		{4EE6054E-B246-4631-83C2-33E11B50FD22}.Debug|x86.ActiveCfg = Debug|Win32
		{4EE6054E-B246-4631-83C2-33E11B50FD22}.Debug|x86.Build.0 = Debug|Win32
		{4EE6054E-B246-4631-83C2-33E11B50FD22}.Release|x64.ActiveCfg = Release|x64
		{4EE6054E-B246-4631-83C2-33E11B50FD22}.Release|x64.Build.0 = Release|x64
		{4EE6054E-B246-4631-83C2-33E11B50FD22}.Release|x86.ActiveCfg = Release|Win32
		{4EE6054E-B246-4631-83C2-33E11B50FD22}.Release|x86.Build.0 = Release|Win32
		{4FE68F22-5FB1-4405-B2FD-143DE0A13556}.Debug|x64.ActiveCfg = Debug|x64
		{4FE68F22-5FB1-4405-B2FD-143DE0A13556}.Debug|x64.Build.0 = Debug|x64
		{4FE68F22-5FB1-4405-B2FD-143DE0A13556}.Debug|x86.ActiveCfg = Debug|Win32
		{4FE68F22-5FB1-4405-B2FD-143DE0A13556}.Debug|x86.Build.0 = Debug|Win32
		{4FE68F22-5FB1-4405-B2FD-143DE0A13556}.Release|x64.ActiveCfg = Release|x64
		{4FE68F22-5FB1-4405-B2FD-143DE0A13556}.Release|x64.Build.0 = Release|x64
		{4FE68F22-5FB1-4405-B2FD-143DE0A13556}.Release|x86.ActiveCfg = Release|Win32
		{4FE68F22-5FB1-4405-B2FD-143DE0A13556}.Release|x86.Build.0 = Release|Win32
		{5528589A-BA6D-43A3-8889-FB82EE970467}.Debug|x64.ActiveCfg = Debug|x64
		{5528589A-BA6D-43A3-8889-FB82EE970467}.Debug|x64.Build.0 = Debug|x64
		{5528589A-BA6D-43A3-8889-FB82EE970467}.Debug|x86.ActiveCfg = Debug|Win32
		{5528589A-BA6D-43A3-8889-FB82EE970467}.Debug|x86.Build.0 = Debug|Win32
		{5528589A-BA6D-43A3-8889-FB82EE970467}.Release|x64.ActiveCfg = Release|x64
		{5528589A-BA6D-43A3-8889-FB82EE970467}.Release|x64.Build.0 = Release|x64
		{5528589A-BA6D-43A3-8889-FB82EE970467}.Release|x86.ActiveCfg = Release|Win32
		{5528589A-BA6D-43A3-8889-FB82EE970467}.Release|x86.Build.0 = Release|Win32
		{4AB8704D-5C48-4618-91AF-768FE866D1CC}.Debug|x64.ActiveCfg = Debug|x64
		{4AB8704D-5C48-4618-91AF-768FE866D1CC}.Debug|x64.Build.0 = Debug|x64
		{4AB8704D-5C48-4618-91AF-768FE866D1CC}.Debug|x86.ActiveCfg = Debug|Win32
		{4AB8704D-5C48-4618-91AF-768FE866D1CC}.Debug|x86.Build.0 = Debug|Win32
		{4AB8704D-5C48-4618-91AF-768FE866D1CC}.Release|x64.ActiveCfg = Release|x64
		{4AB8704D-5C48-4618-91AF-768FE866D1CC}.Release|x64.Build.0 = Release|x64
		{4AB8704D-5C48-4618-91AF-768FE866D1CC}.Release|x86.ActiveCfg = Release|Win32
		{4AB8704D-5C48-4618-91AF-768FE866D1CC}.Release|x86.Build.0 = Release|Win32
		{77329BEA-0F5C-43D6-B4FA-BF7346509A24}.Debug|x64.ActiveCfg = Debug|x64
		{77329BEA-0F5C-43D6-B4FA-BF7346509A24}.Debug|x64.Build.0 = Debug|x64
		{77329BEA-0F5C-43D6-B4FA-BF7346509A24}.Debug|x86.ActiveCfg = Debug|Win32
		{77329BEA-0F5C-43D6-B4FA-BF7346509A24}.Debug|x86.Build.0 = Debug|Win32
		{77329BEA-0F5C-43D6-B4FA-BF7346509A24}.Release|x64.ActiveCfg = Release|x64
		{77329BEA-0F5C-43D6-B4FA-BF7346509A24}.Release|x64.Build.0 = Release|x64
		{77329BEA-0F5C-43D6-B4FA-BF7346509A24}.Release|x86.ActiveCfg = Release|Win32
		{77329BEA-0F5C-43D6-B4FA-BF7346509A24}.Release|x86.Build.0 = Release|Win32
		{1E91C7B2-816E-4584-9EF8-4BB094BE7CE4}.Debug|x64.ActiveCfg = Debug|x64
		{1E91C7B2-816E-4584-9EF8-4BB094BE7CE4}.Debug|x64.Build.0 = Debug|x64
		{1E91C7B2-816E-4584-9EF8-4BB094BE7CE4}.Debug|x86.ActiveCfg = Debug|Win32
		{1E91C7B2-816E-4584-9EF8-4BB094BE7CE4}.Debug|x86.Build.0 = Debug|Win32
		{1E91C7B2-816E-4584-9EF8-4BB094BE7CE4}.Release|x64.ActiveCfg = Release|x64
		{1E91C7B2-816E-4584-9EF8-4BB094BE7CE4}.Release|x64.Build.0 = Release|x64
		{1E91C7B2-816E-4584-9EF8-4BB094BE7CE4}.Release|x86.ActiveCfg = Release|Win32
		{1E91C7B2-816E-4584-9EF8-4BB094BE7CE4}.Release|x86.Build.0 = Release|Win32
		{5BA8CB7A-A7F3-4DA1-B4FD-A6CCF021EE34}.Debug|x64.ActiveCfg = Debug|x64
		{5BA8CB7A-A7F3-4DA1-B4FD-A6CCF021EE34}.Debug|x64.Build.0 = Debug|x64
		{5BA8CB7A-A7F3-4DA1-B4FD-A6CCF021EE34}.Debug|x86.ActiveCfg = Debug|Win32
		{5BA8CB7A-A7F3-4DA1-B4FD-A6CCF021EE34}.Debug|x86.Build.0 = Debug|Win32
		{5BA8CB7A-A7F3-4DA1-B4FD-A6CCF021EE34}.Release|x64.ActiveCfg = Release|x64
		{5BA8CB7A-A7F3-4DA1-B4FD-A6CCF021EE34}.Release|x64.Build.0 = Release|x64
		{5BA8CB7A-A7F3-4DA1-B4FD-A6CCF021EE34}.Release|x86.ActiveCfg = Release|Win32
		{5BA8CB7A-A7F3-4DA1-B4FD-A6CCF021EE34}.Release|x86.Build.0 = Release|Win32
	EndGlobalSection
	GlobalSection(SolutionProperties) = preSolution
		HideSolutionNode = FALSE
	EndGlobalSection
	GlobalSection(NestedProjects) = preSolution
		{4EE6054E-B246-4631-83C2-33E11B50FD22} = {9AA5766F-6659-4625-9620-BC2692DAD951}
		{4FE68F22-5FB1-4405-B2FD-143DE0A13556} = {5D56260E-9883-436A-85D5-DF37859021E9}
		{5528589A-BA6D-43A3-8889-FB82EE970467} = {2A922624-DF43-415B-901B-D5452106EF3B}
		{4AB8704D-5C48-4618-91AF-768FE866D1CC} = {A41E0190-BF93-4EED-84D5-FE0DFC171C52}
		{77329BEA-0F5C-43D6-B4FA-BF7346509A24} = {605174CD-7DE2-4CE0-83BD-82939543C7C8}
		{1E91C7B2-816E-4584-9EF8-4BB094BE7CE4} = {2A922624-DF43-415B-901B-D5452106EF3B}
		{5BA8CB7A-A7F3-4DA1-B4FD-A6CCF021EE34} = {2A922624-DF43-415B-901B-D5452106EF3B}
	EndGlobalSection
	GlobalSection(ExtensibilityGlobals) = postSolution
		SolutionGuid = {0D497542-3D02-4B7B-894F-6347F9F3AC8C}
	EndGlobalSection
EndGlobal
